{
  "name": "regve",
  "version": "0.10.1",
  "lockfileVersion": 1,
  "requires": true,
  "dependencies": {
    "lzutf8": {
      "version": "0.5.5",
      "resolved": "https://registry.npmjs.org/lzutf8/-/lzutf8-0.5.5.tgz",
      "integrity": "sha512-x4AdRtP0ETRe0BW8V+TfW+8rOF5t3vWU/Z52twUqDRf0OiEuXiLvXNN6Zm8biFCTI9ffXBZb++THAjfkJ559Nw=="
    },
    "obj-memory-cache": {
      "version": "0.2.0",
      "resolved": "https://registry.npmjs.org/obj-memory-cache/-/obj-memory-cache-0.2.0.tgz",
      "integrity": "sha512-hBktf8OStSCMsDdh/xXPYD/13A7jpgZxXEw8IZEfvpUuSsQ1V2XyuhreqLLXTypwlJeF0CWlWYgjyl8HjEjd9g==",
      "requires": {
        "lzutf8": "^0.5.5"
      }
    },
    "regexp-tree": {
      "version": "0.1.21",
      "resolved": "https://registry.npmjs.org/regexp-tree/-/regexp-tree-0.1.21.tgz",
      "integrity": "sha512-kUUXjX4AnqnR8KRTCrayAo9PzYMRKmVoGgaz2tBuz0MF3g1ZbGebmtW0yFHfFK9CmBjQKeYIgoL22pFLBJY7sw=="
    },
    "safe-regex": {
      "version": "2.1.1",
      "resolved": "https://registry.npmjs.org/safe-regex/-/safe-regex-2.1.1.tgz",
      "integrity": "sha512-rx+x8AMzKb5Q5lQ95Zoi6ZbJqwCLkqi3XuJXp5P3rT8OEc6sZCJG5AE5dU3lsgRr/F4Bs31jSlVN+j5KrsGu9A==",
      "requires": {
        "regexp-tree": "~0.1.1"
      }
    }
  }
}
